{
  "name": "fantasy-claude",
  "version": "1.0.0",
  "lockfileVersion": 3,
  "requires": true,
  "packages": {
    "": {
      "name": "fantasy-claude",
      "version": "1.0.0",
      "license": "MIT",
      "dependencies": {
        "fantasy-claude": "^1.0.3"
      },
      "bin": {
        "fanclaude": "cli.sh",
        "fantasy-claude": "cli.sh"
      }
    },
    "node_modules/fantasy-claude": {
      "version": "1.0.3",
      "resolved": "https://registry.npmjs.org/fantasy-claude/-/fantasy-claude-1.0.3.tgz",
      "integrity": "sha512-uT1DFHZuoKu161DOnkCXKbs0XIw/zpTdXipcL711dUraOTpWehnVgYB3Zte2MFZST5DLRZ+YoZ5vFP7M6JCfLA==",
      "license": "MIT",
      "bin": {
        "fanclaude": "cli.sh",
        "fantasy-claude": "cli.sh"
      }
    }
  }
}
